{
  "name": "uView",
  "version": "1.0.0",
  "lockfileVersion": 1,
  "requires": true,
  "dependencies": {
    "@dcloudio/uni-helper-json": {
      "version": "1.0.13",
      "resolved": "https://registry.npm.taobao.org/@dcloudio/uni-helper-json/download/@dcloudio/uni-helper-json-1.0.13.tgz",
      "integrity": "sha1-ToqgYtqu+zDZiXPANaewq2KDKcc="
    },
    "@types/html5plus": {
      "version": "1.0.2",
      "resolved": "https://registry.nlark.com/@types/html5plus/download/@types/html5plus-1.0.2.tgz",
      "integrity": "sha1-Q+GqykWE5+LPDbCCOJ9C+7qYBiw=",
      "dev": true
    },
    "@types/uni-app": {
      "version": "1.4.4",
      "resolved": "https://registry.nlark.com/@types/uni-app/download/@types/uni-app-1.4.4.tgz",
      "integrity": "sha1-/nPQ58idXnUGBeCI/2aVhG4BnDY=",
      "dev": true,
      "requires": {
        "vue": "^2.6.8"
      }
    },
    "call-bind": {
      "version": "1.0.2",
      "resolved": "https://registry.npm.taobao.org/call-bind/download/call-bind-1.0.2.tgz?cache=0&sync_timestamp=1610402896029&other_urls=https%3A%2F%2Fregistry.npm.taobao.org%2Fcall-bind%2Fdownload%2Fcall-bind-1.0.2.tgz",
      "integrity": "sha1-sdTonmiBGcPJqQOtMKuy9qkZvjw=",
      "dev": true,
      "requires": {
        "function-bind": "^1.1.1",
        "get-intrinsic": "^1.0.2"
      }
    },
    "dayjs": {
      "version": "1.10.7",
      "resolved": "https://registry.nlark.com/dayjs/download/dayjs-1.10.7.tgz",
      "integrity": "sha1-LPX5Gt0oEWdIRAhmoKHSbzps5Gg="
    },
    "function-bind": {
      "version": "1.1.1",
      "resolved": "https://registry.npm.taobao.org/function-bind/download/function-bind-1.1.1.tgz",
      "integrity": "sha1-pWiZ0+o8m6uHS7l3O3xe3pL0iV0=",
      "dev": true
    },
    "get-intrinsic": {
      "version": "1.1.1",
      "resolved": "https://registry.npm.taobao.org/get-intrinsic/download/get-intrinsic-1.1.1.tgz?cache=0&sync_timestamp=1612364352840&other_urls=https%3A%2F%2Fregistry.npm.taobao.org%2Fget-intrinsic%2Fdownload%2Fget-intrinsic-1.1.1.tgz",
      "integrity": "sha1-FfWfN2+FXERpY5SPDSTNNje0q8Y=",
      "dev": true,
      "requires": {
        "function-bind": "^1.1.1",
        "has": "^1.0.3",
        "has-symbols": "^1.0.1"
      }
    },
    "has": {
      "version": "1.0.3",
      "resolved": "https://registry.npm.taobao.org/has/download/has-1.0.3.tgz",
      "integrity": "sha1-ci18v8H2qoJB8W3YFOAR4fQeh5Y=",
      "dev": true,
      "requires": {
        "function-bind": "^1.1.1"
      }
    },
    "has-symbols": {
      "version": "1.0.2",
      "resolved": "https://registry.npm.taobao.org/has-symbols/download/has-symbols-1.0.2.tgz?cache=0&sync_timestamp=1614443577352&other_urls=https%3A%2F%2Fregistry.npm.taobao.org%2Fhas-symbols%2Fdownload%2Fhas-symbols-1.0.2.tgz",
      "integrity": "sha1-Fl0wcMADCXUqEjakeTMeOsVvFCM=",
      "dev": true
    },
    "object-inspect": {
      "version": "1.11.0",
      "resolved": "https://registry.nlark.com/object-inspect/download/object-inspect-1.11.0.tgz",
      "integrity": "sha1-nc6xRs7dQUig2eUauI00z1CZIrE=",
      "dev": true
    },
    "qs": {
      "version": "6.10.1",
      "resolved": "https://registry.npm.taobao.org/qs/download/qs-6.10.1.tgz",
      "integrity": "sha1-STFIL6jWR6Wqt5nFJx0hM7mB+2o=",
      "dev": true,
      "requires": {
        "side-channel": "^1.0.4"
      }
    },
    "side-channel": {
      "version": "1.0.4",
      "resolved": "https://registry.npm.taobao.org/side-channel/download/side-channel-1.0.4.tgz?cache=0&sync_timestamp=1609270512778&other_urls=https%3A%2F%2Fregistry.npm.taobao.org%2Fside-channel%2Fdownload%2Fside-channel-1.0.4.tgz",
      "integrity": "sha1-785cj9wQTudRslxY1CkAEfpeos8=",
      "dev": true,
      "requires": {
        "call-bind": "^1.0.0",
        "get-intrinsic": "^1.0.2",
        "object-inspect": "^1.9.0"
      }
    },
    "uview-ui": {
      "version": "1.8.4",
      "resolved": "https://registry.npm.taobao.org/uview-ui/download/uview-ui-1.8.4.tgz",
      "integrity": "sha1-4yu/I3lCHTGQIuMk4ct7U4fTvUQ=",
      "dev": true
    },
    "vue": {
      "version": "2.6.14",
      "resolved": "https://registry.nlark.com/vue/download/vue-2.6.14.tgz?cache=0&other_urls=https%3A%2F%2Fregistry.nlark.com%2Fvue%2Fdownload%2Fvue-2.6.14.tgz",
      "integrity": "sha1-5RqlJQJQ1Wmj+606ilpofWA24jU=",
      "dev": true
    },
    "vue-i18n": {
      "version": "8.20.0",
      "resolved": "https://registry.npmjs.org/vue-i18n/-/vue-i18n-8.20.0.tgz",
      "integrity": "sha512-ZiAOoeR4d/JtKpbjipx3I80ey7cYG1ki5gQ7HwzWm4YFio9brA15BEYHjalEoBaEfzF5OBEZP+Y2MvAaWnyXXg=="
    }
  }
}
